# This file is automatically @generated by Cargo.
# It is not intended for manual editing.
version = 3

[[package]]
name = "bitflags"
version = "2.4.2"
source = "registry+https://github.com/rust-lang/crates.io-index"
checksum = "ed570934406eb16438a4e976b1b4500774099c13b8cb96eec99f620f05090ddf"

[[package]]
name = "edit-distance"
version = "2.1.0"
source = "registry+https://github.com/rust-lang/crates.io-index"
checksum = "bbbaaaf38131deb9ca518a274a45bfdb8771f139517b073b16c2d3d32ae5037b"

[[package]]
name = "probable-broccoli"
version = "0.1.0"
dependencies = [
 "bitflags",
 "edit-distance",
]
